
Microsoft Visual Studio Solution File, Format Version 12.00
# Visual Studio Version 16
VisualStudioVersion = 16.0.31105.61
MinimumVisualStudioVersion = 10.0.40219.1
Project("{2150E333-8FDC-42A3-9474-1A3956D46DE8}") = "src", "src", "{CF94B121-E60A-4E01-B8C1-BDBAC9C9C0C5}"
EndProject
Project("{2150E333-8FDC-42A3-9474-1A3956D46DE8}") = "test", "test", "{AD839B80-57B5-4CFF-87A8-B5C88D69E37C}"
EndProject
Project("{2150E333-8FDC-42A3-9474-1A3956D46DE8}") = "API", "API", "{B1460E24-0A80-4FA2-B726-15E61142D3F4}"
EndProject
Project("{2150E333-8FDC-42A3-9474-1A3956D46DE8}") = "Core", "Core", "{CE85A757-046D-4A9D-AECA-573F1150B390}"
EndProject
Project("{2150E333-8FDC-42A3-9474-1A3956D46DE8}") = "Infrastructure", "Infrastructure", "{6FB6C228-EE76-4611-BF20-42E172363C9D}"
EndProject
Project("{9A19103F-16F7-4668-BE54-9A1E7A4F7556}") = "TodoListAzure.Api", "src\API\ToDoListAzure.Api\TodoListAzure.Api.csproj", "{1CD90A0D-D46C-4DB9-B1FE-C711E622827B}"
EndProject
Project("{9A19103F-16F7-4668-BE54-9A1E7A4F7556}") = "TodoListAzure.Domain", "src\Core\ToDoListAzure.Domain\TodoListAzure.Domain.csproj", "{6BBC61C2-6113-4F31-BD97-A2B3828C3921}"
EndProject
Project("{9A19103F-16F7-4668-BE54-9A1E7A4F7556}") = "TodoListAzure.Application", "src\Core\ToDoListAzure.Application\TodoListAzure.Application.csproj", "{F013869D-0277-41C4-AD3F-0355E47A49B9}"
EndProject
Project("{9A19103F-16F7-4668-BE54-9A1E7A4F7556}") = "TodoListAzure.Persistence", "src\Infrastructure\ToDoListAzure.Persistence\TodoListAzure.Persistence.csproj", "{67B5E4F8-0737-4E29-87E2-BFA123F1AB0E}"
EndProject
Global
	GlobalSection(SolutionConfigurationPlatforms) = preSolution
		Debug|Any CPU = Debug|Any CPU
		Release|Any CPU = Release|Any CPU
	EndGlobalSection
	GlobalSection(ProjectConfigurationPlatforms) = postSolution
		{1CD90A0D-D46C-4DB9-B1FE-C711E622827B}.Debug|Any CPU.ActiveCfg = Debug|Any CPU
		{1CD90A0D-D46C-4DB9-B1FE-C711E622827B}.Debug|Any CPU.Build.0 = Debug|Any CPU
		{1CD90A0D-D46C-4DB9-B1FE-C711E622827B}.Release|Any CPU.ActiveCfg = Release|Any CPU
		{1CD90A0D-D46C-4DB9-B1FE-C711E622827B}.Release|Any CPU.Build.0 = Release|Any CPU
		{6BBC61C2-6113-4F31-BD97-A2B3828C3921}.Debug|Any CPU.ActiveCfg = Debug|Any CPU
		{6BBC61C2-6113-4F31-BD97-A2B3828C3921}.Debug|Any CPU.Build.0 = Debug|Any CPU
		{6BBC61C2-6113-4F31-BD97-A2B3828C3921}.Release|Any CPU.ActiveCfg = Release|Any CPU
		{6BBC61C2-6113-4F31-BD97-A2B3828C3921}.Release|Any CPU.Build.0 = Release|Any CPU
		{F013869D-0277-41C4-AD3F-0355E47A49B9}.Debug|Any CPU.ActiveCfg = Debug|Any CPU
		{F013869D-0277-41C4-AD3F-0355E47A49B9}.Debug|Any CPU.Build.0 = Debug|Any CPU
		{F013869D-0277-41C4-AD3F-0355E47A49B9}.Release|Any CPU.ActiveCfg = Release|Any CPU
		{F013869D-0277-41C4-AD3F-0355E47A49B9}.Release|Any CPU.Build.0 = Release|Any CPU
		{67B5E4F8-0737-4E29-87E2-BFA123F1AB0E}.Debug|Any CPU.ActiveCfg = Debug|Any CPU
		{67B5E4F8-0737-4E29-87E2-BFA123F1AB0E}.Debug|Any CPU.Build.0 = Debug|Any CPU
		{67B5E4F8-0737-4E29-87E2-BFA123F1AB0E}.Release|Any CPU.ActiveCfg = Release|Any CPU
		{67B5E4F8-0737-4E29-87E2-BFA123F1AB0E}.Release|Any CPU.Build.0 = Release|Any CPU
	EndGlobalSection
	GlobalSection(SolutionProperties) = preSolution
		HideSolutionNode = FALSE
	EndGlobalSection
	GlobalSection(NestedProjects) = preSolution
		{B1460E24-0A80-4FA2-B726-15E61142D3F4} = {CF94B121-E60A-4E01-B8C1-BDBAC9C9C0C5}
		{CE85A757-046D-4A9D-AECA-573F1150B390} = {CF94B121-E60A-4E01-B8C1-BDBAC9C9C0C5}
		{6FB6C228-EE76-4611-BF20-42E172363C9D} = {CF94B121-E60A-4E01-B8C1-BDBAC9C9C0C5}
		{1CD90A0D-D46C-4DB9-B1FE-C711E622827B} = {B1460E24-0A80-4FA2-B726-15E61142D3F4}
		{6BBC61C2-6113-4F31-BD97-A2B3828C3921} = {CE85A757-046D-4A9D-AECA-573F1150B390}
		{F013869D-0277-41C4-AD3F-0355E47A49B9} = {CE85A757-046D-4A9D-AECA-573F1150B390}
		{67B5E4F8-0737-4E29-87E2-BFA123F1AB0E} = {6FB6C228-EE76-4611-BF20-42E172363C9D}
	EndGlobalSection
	GlobalSection(ExtensibilityGlobals) = postSolution
		SolutionGuid = {6C0E595E-D29D-4A3D-9859-3347BCE5DF59}
	EndGlobalSection
EndGlobal
